{
  "nodes": {
    "catppuccin": {
      "inputs": {
        "nixpkgs": "nixpkgs"
      },
      "locked": {
        "lastModified": 1780650205,
        "narHash": "sha256-FYgqDufUWHbY+ne5z/OTBUCCeLGPJ5sA6d+Fa5aKKxo=",
        "owner": "catppuccin",
        "repo": "nix",
        "rev": "fd265813d18cc39bc0d27750c47a09766a535162",
        "type": "github"
      },
      "original": {
        "owner": "catppuccin",
        "repo": "nix",
        "type": "github"
      }
    },
    "home-manager": {
      "inputs": {
        "nixpkgs": [
          "nixpkgs"
        ]
      },
      "locked": {
        "lastModified": 1780361225,
        "narHash": "sha256-wnV9ttf4fPWNonBIQmvlrSlNpQYgx5HgWWd007mwIFA=",
        "owner": "nix-community",
        "repo": "home-manager",
        "rev": "e28654b71096e08c019d4861ca26acb646f583d8",
        "type": "github"
      },
      "original": {
        "owner": "nix-community",
        "ref": "release-26.05",
        "repo": "home-manager",
        "type": "github"
      }
    },
    "nix-darwin": {
      "inputs": {
        "nixpkgs": [
          "nixpkgs"
        ]
      },
      "locked": {
        "lastModified": 1779036909,
        "narHash": "sha256-zXcwYQGCT6pzinK+1dBB2ekTVtfxGZAapb3Evdcu4fY=",
        "owner": "nix-darwin",
        "repo": "nix-darwin",
        "rev": "56c666e108467d87d13508936aade6d567f2a501",
        "type": "github"
      },
      "original": {
        "owner": "nix-darwin",
        "ref": "master",
        "repo": "nix-darwin",
        "type": "github"
      }
    },
    "nixpkgs": {
      "locked": {
        "lastModified": 1780365719,
        "narHash": "sha256-JX05Ms/dk0c+UoW9IqQriB53HNZFckX9Qd3EJqmcqEw=",
        "rev": "ffa10e26ae11d676b2db836259889f1f571cb14f",
        "type": "tarball",
        "url": "https://releases.nixos.org/nixpkgs/nixpkgs-26.11pre1009182.ffa10e26ae11/nixexprs.tar.xz"
      },
      "original": {
        "type": "tarball",
        "url": "https://channels.nixos.org/nixpkgs-unstable/nixexprs.tar.xz"
      }
    },
    "nixpkgs_2": {
      "locked": {
        "lastModified": 1780453794,
        "narHash": "sha256-bXMRa9VTsHSPXL4Cw8R6JJLQeY3Y/IP4+YJCYVmQ7FY=",
        "owner": "NixOS",
        "repo": "nixpkgs",
        "rev": "6b316287bae2ee04c9b93c8c858d930fd07d7338",
        "type": "github"
      },
      "original": {
        "owner": "NixOS",
        "ref": "nixos-26.05",
        "repo": "nixpkgs",
        "type": "github"
      }
    },
    "plasma-manager": {
      "inputs": {
        "home-manager": [
          "home-manager"
        ],
        "nixpkgs": [
          "nixpkgs"
        ]
      },
      "locked": {
        "lastModified": 1785762349,
        "narHash": "sha256-jZhZkzAwc7f3exzcTDJWP2WCAchCv0iNC3UF/QsahdQ=",
        "ref": "refs/heads/trunk",
        "rev": "a19a2a029fa180911bd89c554dca1616e10f4c1d",
        "revCount": 327,
        "type": "git",
        "url": "https://github.com/nix-community/plasma-manager.git"
      },
      "original": {
        "owner": "nix-community",
        "repo": "plasma-manager",
        "type": "github"
      }
    },
    "root": {
      "inputs": {
        "catppuccin": "catppuccin",
        "home-manager": "home-manager",
        "nix-darwin": "nix-darwin",
        "nixpkgs": "nixpkgs_2",
        "plasma-manager": "plasma-manager"
      }
    }
  },
  "root": "root",
  "version": 7
}
